
Microsoft Visual Studio Solution File, Format Version 12.00
# Visual Studio Version 17
VisualStudioVersion = 17.9.34607.119
MinimumVisualStudioVersion = 10.0.40219.1
Project("{FAE04EC0-301F-11D3-BF4B-00C04F79EFBC}") = "WebService", "WebService\WebService.csproj", "{3E47D73D-D1DA-4E57-B127-B0F94E2FAA8E}"
EndProject
Global
	GlobalSection(SolutionConfigurationPlatforms) = preSolution
		Debug|Any CPU = Debug|Any CPU
		Release|Any CPU = Release|Any CPU
	EndGlobalSection
	GlobalSection(ProjectConfigurationPlatforms) = postSolution
		{3E47D73D-D1DA-4E57-B127-B0F94E2FAA8E}.Debug|Any CPU.ActiveCfg = Debug|Any CPU
		{3E47D73D-D1DA-4E57-B127-B0F94E2FAA8E}.Debug|Any CPU.Build.0 = Debug|Any CPU
		{3E47D73D-D1DA-4E57-B127-B0F94E2FAA8E}.Release|Any CPU.ActiveCfg = Release|Any CPU
		{3E47D73D-D1DA-4E57-B127-B0F94E2FAA8E}.Release|Any CPU.Build.0 = Release|Any CPU
	EndGlobalSection
	GlobalSection(SolutionProperties) = preSolution
		HideSolutionNode = FALSE
	EndGlobalSection
	GlobalSection(ExtensibilityGlobals) = postSolution
		SolutionGuid = {C301C3DC-ED8F-4839-AE08-573497B2AEC7}
	EndGlobalSection
EndGlobal
